
Microsoft Visual Studio Solution File, Format Version 12.00
# Visual Studio Version 17
VisualStudioVersion = 17.4.33110.190
MinimumVisualStudioVersion = 10.0.40219.1
Project("{FAE04EC0-301F-11D3-BF4B-00C04F79EFBC}") = "MoodAnalyzerProblem", "MoodAnalyzerProblem.csproj", "{EDDDC39C-F432-4C77-B3F1-EF8908880FD2}"
EndProject
Project("{2150E333-8FDC-42A3-9474-1A3956D46DE8}") = "TestCases", "TestCases", "{B53183DC-E1E7-451D-8DB9-7E0F2EB1F172}"
	ProjectSection(SolutionItems) = preProject
		MoodTester.cs = MoodTester.cs
	EndProjectSection
EndProject
Project("{2150E333-8FDC-42A3-9474-1A3956D46DE8}") = "Solution Items", "Solution Items", "{28330DC9-787F-44BB-B0EC-92989FEF74DB}"
	ProjectSection(SolutionItems) = preProject
		Usings.cs = Usings.cs
	EndProjectSection
EndProject
Global
	GlobalSection(SolutionConfigurationPlatforms) = preSolution
		Debug|Any CPU = Debug|Any CPU
		Release|Any CPU = Release|Any CPU
	EndGlobalSection
	GlobalSection(ProjectConfigurationPlatforms) = postSolution
		{EDDDC39C-F432-4C77-B3F1-EF8908880FD2}.Debug|Any CPU.ActiveCfg = Debug|Any CPU
		{EDDDC39C-F432-4C77-B3F1-EF8908880FD2}.Debug|Any CPU.Build.0 = Debug|Any CPU
		{EDDDC39C-F432-4C77-B3F1-EF8908880FD2}.Release|Any CPU.ActiveCfg = Release|Any CPU
		{EDDDC39C-F432-4C77-B3F1-EF8908880FD2}.Release|Any CPU.Build.0 = Release|Any CPU
	EndGlobalSection
	GlobalSection(SolutionProperties) = preSolution
		HideSolutionNode = FALSE
	EndGlobalSection
	GlobalSection(ExtensibilityGlobals) = postSolution
		SolutionGuid = {566D34F7-C4D3-42F6-B5CD-F694EA243A62}
	EndGlobalSection
EndGlobal
