
Microsoft Visual Studio Solution File, Format Version 12.00
# Visual Studio Version 17
VisualStudioVersion = 17.4.33110.190
MinimumVisualStudioVersion = 10.0.40219.1
Project("{FAE04EC0-301F-11D3-BF4B-00C04F79EFBC}") = "MoodAnalyzerProblem", "MoodAnalyzerProblem.csproj", "{A668E9A1-E7A9-4440-94B8-24D2F97FDFE5}"
EndProject
Project("{2150E333-8FDC-42A3-9474-1A3956D46DE8}") = "TestCases", "TestCases", "{89BC8F41-F65A-4318-BBF2-1729008A6EEA}"
	ProjectSection(SolutionItems) = preProject
		MoodTester.cs = MoodTester.cs
		Using.cs = Using.cs
	EndProjectSection
EndProject
Global
	GlobalSection(SolutionConfigurationPlatforms) = preSolution
		Debug|Any CPU = Debug|Any CPU
		Release|Any CPU = Release|Any CPU
	EndGlobalSection
	GlobalSection(ProjectConfigurationPlatforms) = postSolution
		{A668E9A1-E7A9-4440-94B8-24D2F97FDFE5}.Debug|Any CPU.ActiveCfg = Debug|Any CPU
		{A668E9A1-E7A9-4440-94B8-24D2F97FDFE5}.Debug|Any CPU.Build.0 = Debug|Any CPU
		{A668E9A1-E7A9-4440-94B8-24D2F97FDFE5}.Release|Any CPU.ActiveCfg = Release|Any CPU
		{A668E9A1-E7A9-4440-94B8-24D2F97FDFE5}.Release|Any CPU.Build.0 = Release|Any CPU
	EndGlobalSection
	GlobalSection(SolutionProperties) = preSolution
		HideSolutionNode = FALSE
	EndGlobalSection
	GlobalSection(ExtensibilityGlobals) = postSolution
		SolutionGuid = {B15B2942-B1DC-4B04-B52B-3BF0148FB83D}
	EndGlobalSection
EndGlobal
